
Microsoft Visual Studio Solution File, Format Version 12.00
# Visual Studio Version 17
VisualStudioVersion = 17.12.35514.174 d17.12
MinimumVisualStudioVersion = 10.0.40219.1
Project("{FAE04EC0-301F-11D3-BF4B-00C04F79EFBC}") = "RepositoryPatternWithUOW.Api", "RepositoryPatternWithUOW\RepositoryPatternWithUOW.Api.csproj", "{83616CBF-6C50-418E-A77F-80A1A5C10877}"
EndProject
Project("{FAE04EC0-301F-11D3-BF4B-00C04F79EFBC}") = "RepositoryPatternWithUOW.Domain", "RepositoryPatternWithUOW.Core\RepositoryPatternWithUOW.Domain.csproj", "{27993D1C-D590-40C7-9F19-9FAE155D55D0}"
EndProject
Project("{FAE04EC0-301F-11D3-BF4B-00C04F79EFBC}") = "RepositoryPatternWithUOW.Infrastructure", "RepositoryPatternWithUOW.EF\RepositoryPatternWithUOW.Infrastructure.csproj", "{9741D87D-A555-45FA-9FD6-ECAF70482D7F}"
EndProject
Project("{FAE04EC0-301F-11D3-BF4B-00C04F79EFBC}") = "RepositoryPatternWithUOW.Application", "RepositoryPatternWithUOW.Application\RepositoryPatternWithUOW.Application.csproj", "{363ED3AB-F49D-400E-B70F-3F1EEC66C035}"
EndProject
Global
	GlobalSection(SolutionConfigurationPlatforms) = preSolution
		Debug|Any CPU = Debug|Any CPU
		Release|Any CPU = Release|Any CPU
	EndGlobalSection
	GlobalSection(ProjectConfigurationPlatforms) = postSolution
		{83616CBF-6C50-418E-A77F-80A1A5C10877}.Debug|Any CPU.ActiveCfg = Debug|Any CPU
		{83616CBF-6C50-418E-A77F-80A1A5C10877}.Debug|Any CPU.Build.0 = Debug|Any CPU
		{83616CBF-6C50-418E-A77F-80A1A5C10877}.Release|Any CPU.ActiveCfg = Release|Any CPU
		{83616CBF-6C50-418E-A77F-80A1A5C10877}.Release|Any CPU.Build.0 = Release|Any CPU
		{27993D1C-D590-40C7-9F19-9FAE155D55D0}.Debug|Any CPU.ActiveCfg = Debug|Any CPU
		{27993D1C-D590-40C7-9F19-9FAE155D55D0}.Debug|Any CPU.Build.0 = Debug|Any CPU
		{27993D1C-D590-40C7-9F19-9FAE155D55D0}.Release|Any CPU.ActiveCfg = Release|Any CPU
		{27993D1C-D590-40C7-9F19-9FAE155D55D0}.Release|Any CPU.Build.0 = Release|Any CPU
		{9741D87D-A555-45FA-9FD6-ECAF70482D7F}.Debug|Any CPU.ActiveCfg = Debug|Any CPU
		{9741D87D-A555-45FA-9FD6-ECAF70482D7F}.Debug|Any CPU.Build.0 = Debug|Any CPU
		{9741D87D-A555-45FA-9FD6-ECAF70482D7F}.Release|Any CPU.ActiveCfg = Release|Any CPU
		{9741D87D-A555-45FA-9FD6-ECAF70482D7F}.Release|Any CPU.Build.0 = Release|Any CPU
		{363ED3AB-F49D-400E-B70F-3F1EEC66C035}.Debug|Any CPU.ActiveCfg = Debug|Any CPU
		{363ED3AB-F49D-400E-B70F-3F1EEC66C035}.Debug|Any CPU.Build.0 = Debug|Any CPU
		{363ED3AB-F49D-400E-B70F-3F1EEC66C035}.Release|Any CPU.ActiveCfg = Release|Any CPU
		{363ED3AB-F49D-400E-B70F-3F1EEC66C035}.Release|Any CPU.Build.0 = Release|Any CPU
	EndGlobalSection
	GlobalSection(SolutionProperties) = preSolution
		HideSolutionNode = FALSE
	EndGlobalSection
EndGlobal
